../combined-outputs/All-combined-KO-function-coverages.tsv
../combined-outputs/All-combined-KO-function-CPM-normalized-coverages.tsv
../combined-outputs/All-combined-taxonomy-coverages.tsv
../combined-outputs/All-combined-taxonomy-CPM-normalized-coverages.tsv
../MAGs/gtdbtk-out
../MAGs/MAGs-overview.tsv
../MAGs/Group_1-MAGs-checkm-out.tsv
../MAGs/Group_2-MAGs-checkm-out.tsv
../bins/Group_1-bins-checkm-out.tsv
../bins/Group_2-bins-checkm-out.tsv
../annotations-and-taxonomy/Group_1-gene-tax.tsv
../annotations-and-taxonomy/Group_1-contig-tax.tsv
../annotations-and-taxonomy/Group_2-gene-tax.tsv
../annotations-and-taxonomy/Group_2-contig-tax.tsv
../annotations-and-taxonomy/Group_1-annotations.tsv
../annotations-and-taxonomy/Group_2-annotations.tsv
../read-mapping/Group_1-metabat-assembly-depth.tsv
../read-mapping/Group_2-metabat-assembly-depth.tsv
../combined-outputs/Group_1-gene-coverages-annotations-and-tax.tsv
../combined-outputs/Group_1-CPM-normalized-gene-coverages-annotations-and-tax.tsv
../combined-outputs/Group_2-gene-coverages-annotations-and-tax.tsv
../combined-outputs/Group_2-CPM-normalized-gene-coverages-annotations-and-tax.tsv
../read-mapping/P8-Group_1-gene-coverages.tsv
../read-mapping/P8-Group_1-contig-coverages.tsv
../read-mapping/P9-Group_1-gene-coverages.tsv
../read-mapping/P9-Group_1-contig-coverages.tsv
../read-mapping/P37-Group_2-gene-coverages.tsv
../read-mapping/P37-Group_2-contig-coverages.tsv
../read-mapping/P38-Group_2-gene-coverages.tsv
../read-mapping/P38-Group_2-contig-coverages.tsv
../read-mapping/P8-Group_1.bam
../read-mapping/P9-Group_1.bam
../read-mapping/P37-Group_2.bam
../read-mapping/P38-Group_2.bam
../read-mapping/Group_1-bowtie2-build.log
../read-mapping/Group_2-bowtie2-build.log
../predicted-genes/Group_1-genes.faa
../predicted-genes/Group_1-genes.fa
../predicted-genes/Group_1-genes.gff
../predicted-genes/Group_2-genes.faa
../predicted-genes/Group_2-genes.fa
../predicted-genes/Group_2-genes.gff
../assemblies/assembly-summaries.tsv
../assemblies/Group_1-coassembly.fa
../assemblies/Group_2-coassembly.fa
../fastqc-outputs/raw_multiqc.html
../fastqc-outputs/raw_multiqc_data.zip
../fastqc-outputs/filtered_multiqc.html
../fastqc-outputs/filtered_multiqc_data.zip
../MAGs/MAG-assembly-summaries.tsv
../filtered-reads/P8-R1-trimmed.fq.gz
../filtered-reads/P8-R2-trimmed.fq.gz
../filtered-reads/P9-R1-trimmed.fq.gz
../filtered-reads/P9-R2-trimmed.fq.gz
../filtered-reads/P37-R1-trimmed.fq.gz
../filtered-reads/P37-R2-trimmed.fq.gz
../filtered-reads/P38-R1-trimmed.fq.gz
../filtered-reads/P38-R2-trimmed.fq.gz
../raw-reads/P8-R1_fastqc.zip
../raw-reads/P8-R2_fastqc.zip
../raw-reads/P37-R1_fastqc.zip
../raw-reads/P37-R2_fastqc.zip
../raw-reads/P38-R1_fastqc.zip
../raw-reads/P38-R2_fastqc.zip
../raw-reads/P9-R1_fastqc.zip
../raw-reads/P9-R2_fastqc.zip
../filtered-reads/P8-R1-trimmed_fastqc.zip
../filtered-reads/P8-R2-trimmed_fastqc.zip
../filtered-reads/P37-R1-trimmed_fastqc.zip
../filtered-reads/P37-R2-trimmed_fastqc.zip
../filtered-reads/P38-R1-trimmed_fastqc.zip
../filtered-reads/P38-R2-trimmed_fastqc.zip
../filtered-reads/P9-R1-trimmed_fastqc.zip
../filtered-reads/P9-R2-trimmed_fastqc.zip
